{
  "name": "platform",
  "version": "1.0.0",
  "lockfileVersion": 2,
  "requires": true,
  "packages": {
    "": {
      "name": "platform",
      "version": "1.0.0",
      "license": "ISC",
      "dependencies": {
        "intersects": "^2.7.2"
      },
      "devDependencies": {
        "typescript": "^4.9.3"
      }
    },
    "node_modules/intersects": {
      "version": "2.7.2",
      "resolved": "https://registry.npmjs.org/intersects/-/intersects-2.7.2.tgz",
      "integrity": "sha512-/LtLDq40iFtvnjhouev9p2R+jP+raVONPiD1t8Mcj879pkrLiav99BTRPBkfMPwSYr5vTNws3USGoW+8usS45A=="
    },
    "node_modules/typescript": {
      "version": "4.9.3",
      "resolved": "https://registry.npmjs.org/typescript/-/typescript-4.9.3.tgz",
      "integrity": "sha512-CIfGzTelbKNEnLpLdGFgdyKhG23CKdKgQPOBc+OUNrkJ2vr+KSzsSV5kq5iWhEQbok+quxgGzrAtGWCyU7tHnA==",
      "dev": true,
      "bin": {
        "tsc": "bin/tsc",
        "tsserver": "bin/tsserver"
      },
      "engines": {
        "node": ">=4.2.0"
      }
    }
  },
  "dependencies": {
    "intersects": {
      "version": "2.7.2",
      "resolved": "https://registry.npmjs.org/intersects/-/intersects-2.7.2.tgz",
      "integrity": "sha512-/LtLDq40iFtvnjhouev9p2R+jP+raVONPiD1t8Mcj879pkrLiav99BTRPBkfMPwSYr5vTNws3USGoW+8usS45A=="
    },
    "typescript": {
      "version": "4.9.3",
      "resolved": "https://registry.npmjs.org/typescript/-/typescript-4.9.3.tgz",
      "integrity": "sha512-CIfGzTelbKNEnLpLdGFgdyKhG23CKdKgQPOBc+OUNrkJ2vr+KSzsSV5kq5iWhEQbok+quxgGzrAtGWCyU7tHnA==",
      "dev": true
    }
  }
}
